{
  "requires": true,
  "lockfileVersion": 1,
  "dependencies": {
    "browser-image-compression": {
      "version": "1.0.6",
      "resolved": "https://registry.npmjs.org/browser-image-compression/-/browser-image-compression-1.0.6.tgz",
      "integrity": "sha512-gb++v1g26BgV/I9qrdXNzirFLDGcOiPmobVxuTJymNTFHbbxJnZ74o1GRoYHjDTgOt1Iypqh4Wk1K03C8tjXHQ=="
    },
    "lzutf8": {
      "version": "0.5.5",
      "resolved": "https://registry.npmjs.org/lzutf8/-/lzutf8-0.5.5.tgz",
      "integrity": "sha512-x4AdRtP0ETRe0BW8V+TfW+8rOF5t3vWU/Z52twUqDRf0OiEuXiLvXNN6Zm8biFCTI9ffXBZb++THAjfkJ559Nw=="
    },
    "opencv.js": {
      "version": "1.2.1",
      "resolved": "https://registry.npmjs.org/opencv.js/-/opencv.js-1.2.1.tgz",
      "integrity": "sha512-+ji5Pk3eyz+RRSeZr2kLZNJpjsKoGyPJOjFWng7+Cuq9ylHakBqJMxDGlBW1+qdju3k8DadWOiHJ6JaF28UpKA=="
    }
  }
}
